
Microsoft Visual Studio Solution File, Format Version 12.00
# Visual Studio Version 16
VisualStudioVersion = 16.0.33027.164
MinimumVisualStudioVersion = 10.0.40219.1
Project("{FAE04EC0-301F-11D3-BF4B-00C04F79EFBC}") = "QUANLYDIEMDANHSV", "QUANLYDIEMDANHSV\QUANLYDIEMDANHSV.csproj", "{CDE90201-C6FB-4DE2-B41C-335BF2451FDF}"
EndProject
Global
	GlobalSection(SolutionConfigurationPlatforms) = preSolution
		Debug|Any CPU = Debug|Any CPU
		Release|Any CPU = Release|Any CPU
	EndGlobalSection
	GlobalSection(ProjectConfigurationPlatforms) = postSolution
		{CDE90201-C6FB-4DE2-B41C-335BF2451FDF}.Debug|Any CPU.ActiveCfg = Debug|Any CPU
		{CDE90201-C6FB-4DE2-B41C-335BF2451FDF}.Debug|Any CPU.Build.0 = Debug|Any CPU
		{CDE90201-C6FB-4DE2-B41C-335BF2451FDF}.Release|Any CPU.ActiveCfg = Release|Any CPU
		{CDE90201-C6FB-4DE2-B41C-335BF2451FDF}.Release|Any CPU.Build.0 = Release|Any CPU
	EndGlobalSection
	GlobalSection(SolutionProperties) = preSolution
		HideSolutionNode = FALSE
	EndGlobalSection
	GlobalSection(ExtensibilityGlobals) = postSolution
		SolutionGuid = {92FFDBB0-B82D-4D8F-9C53-FBE5FA7F3F77}
	EndGlobalSection
EndGlobal
